<?xml version="1.0" encoding="utf-8"?>
<Project ToolsVersion="4.0" xmlns="http://schemas.microsoft.com/developer/msbuild/2003">
  <ItemGroup>
    <Filter Include="Header Files">
      <UniqueIdentifier>{93995380-89BD-4b04-88EB-625FBE52EBFB}</UniqueIdentifier>
      <Extensions>h;hh;hpp;hxx;hm;inl;inc;xsd</Extensions>
    </Filter>
    <Filter Include="src">
      <UniqueIdentifier>{4FC737F1-C7A5-4376-A066-2A32D752A2FF}</UniqueIdentifier>
      <Extensions>cpp;c;cc;cxx;def;odl;idl;hpj;bat;asm;asmx</Extensions>
    </Filter>
    <Filter Include="res">
      <UniqueIdentifier>{10f93c0d-f3f8-4e80-9c89-d1ae757e183b}</UniqueIdentifier>
    </Filter>
    <Filter Include="res\shaders">
      <UniqueIdentifier>{f90e74ec-77d5-470a-84fc-e9a34a89a22e}</UniqueIdentifier>
    </Filter>
    <Filter Include="res\textures">
      <UniqueIdentifier>{971c30d0-d98c-49ff-b9ab-2a3c548d15bb}</UniqueIdentifier>
    </Filter>
    <Filter Include="src\Vendor">
      <UniqueIdentifier>{4312b3e7-4db4-409d-8ef1-3ea43eed5114}</UniqueIdentifier>
    </Filter>
    <Filter Include="src\Vendor\imgui">
      <UniqueIdentifier>{3e9cd887-ad38-451e-b7b3-31206b9192e1}</UniqueIdentifier>
    </Filter>
    <Filter Include="src\Vendor\imguizmo">
      <UniqueIdentifier>{2a89e06e-a100-49de-8d62-22e408289c85}</UniqueIdentifier>
    </Filter>
  </ItemGroup>
  <ItemGroup>
    <ClCompile Include="Main.cpp">
      <Filter>src</Filter>
    </ClCompile>
    <ClCompile Include="Window.cpp">
      <Filter>src</Filter>
    </ClCompile>
    <ClCompile Include="Loader.cpp">
      <Filter>src</Filter>
    </ClCompile>
    <ClCompile Include="Shader.cpp">
      <Filter>src</Filter>
    </ClCompile>
    <ClCompile Include="StaticShader.cpp">
      <Filter>src</Filter>
    </ClCompile>
    <ClCompile Include="vendor\stb_image.cpp">
      <Filter>src</Filter>
    </ClCompile>
    <ClCompile Include="TexturedModel.cpp">
      <Filter>src</Filter>
    </ClCompile>
    <ClCompile Include="Maths.cpp">
      <Filter>src</Filter>
    </ClCompile>
    <ClCompile Include="Entity.cpp">
      <Filter>src</Filter>
    </ClCompile>
    <ClCompile Include="OBJLoader.cpp">
      <Filter>src</Filter>
    </ClCompile>
    <ClCompile Include="MasterRenderer.cpp">
      <Filter>src</Filter>
    </ClCompile>
    <ClCompile Include="Scene.cpp">
      <Filter>src</Filter>
    </ClCompile>
    <ClCompile Include="Texture.cpp">
      <Filter>src</Filter>
    </ClCompile>
    <ClCompile Include="Terrain.cpp">
      <Filter>src</Filter>
    </ClCompile>
    <ClCompile Include="EntityRenderer.cpp">
      <Filter>src</Filter>
    </ClCompile>
    <ClCompile Include="TerrainShader.cpp">
      <Filter>src</Filter>
    </ClCompile>
    <ClCompile Include="TerrainRenderer.cpp">
      <Filter>src</Filter>
    </ClCompile>
    <ClCompile Include="TerrainTexturePack.cpp">
      <Filter>src</Filter>
    </ClCompile>
    <ClCompile Include="GuiTexture.cpp">
      <Filter>src</Filter>
    </ClCompile>
    <ClCompile Include="ModelTexture.cpp">
      <Filter>src</Filter>
    </ClCompile>
    <ClCompile Include="GuiRenderer.cpp">
      <Filter>src</Filter>
    </ClCompile>
    <ClCompile Include="GuiShader.cpp">
      <Filter>src</Filter>
    </ClCompile>
    <ClCompile Include="VRSettings.cpp">
      <Filter>src</Filter>
    </ClCompile>
    <ClCompile Include="VRDevice.cpp">
      <Filter>src</Filter>
    </ClCompile>
    <ClCompile Include="CompanionWindow.cpp">
      <Filter>src</Filter>
    </ClCompile>
    <ClCompile Include="VRRenderer.cpp">
      <Filter>src</Filter>
    </ClCompile>
    <ClCompile Include="VRModelShader.cpp">
      <Filter>src</Filter>
    </ClCompile>
    <ClCompile Include="CompanionWindowShader.cpp">
      <Filter>src</Filter>
    </ClCompile>
    <ClCompile Include="PointCloudRenderer.cpp">
      <Filter>src</Filter>
    </ClCompile>
    <ClCompile Include="PointCloudShader.cpp">
      <Filter>src</Filter>
    </ClCompile>
    <ClCompile Include="XYZLoader.cpp">
      <Filter>src</Filter>
    </ClCompile>
    <ClCompile Include="FontType.cpp">
      <Filter>src</Filter>
    </ClCompile>
    <ClCompile Include="GUIText.cpp">
      <Filter>src</Filter>
    </ClCompile>
    <ClCompile Include="TextMeshCreator.cpp">
      <Filter>src</Filter>
    </ClCompile>
    <ClCompile Include="TextMeshData.cpp">
      <Filter>src</Filter>
    </ClCompile>
    <ClCompile Include="VAO.cpp">
      <Filter>src</Filter>
    </ClCompile>
    <ClCompile Include="VBO.cpp">
      <Filter>src</Filter>
    </ClCompile>
    <ClCompile Include="vendor\imgui\imgui.cpp">
      <Filter>src\Vendor\imgui</Filter>
    </ClCompile>
    <ClCompile Include="vendor\imgui\imgui_demo.cpp">
      <Filter>src\Vendor\imgui</Filter>
    </ClCompile>
    <ClCompile Include="vendor\imgui\imgui_draw.cpp">
      <Filter>src\Vendor\imgui</Filter>
    </ClCompile>
    <ClCompile Include="vendor\imgui\imgui_impl_glfw_gl3.cpp">
      <Filter>src\Vendor\imgui</Filter>
    </ClCompile>
    <ClCompile Include="vendor\imGuizmo\ImGuizmo.cpp">
      <Filter>src\Vendor\imguizmo</Filter>
    </ClCompile>
    <ClCompile Include="GameObject.cpp">
      <Filter>src</Filter>
    </ClCompile>
    <ClCompile Include="Transform.cpp">
      <Filter>src</Filter>
    </ClCompile>
    <ClCompile Include="Component.cpp">
      <Filter>src</Filter>
    </ClCompile>
    <ClCompile Include="EditorUiRenderer.cpp">
      <Filter>src</Filter>
    </ClCompile>
    <ClCompile Include="MeshRenderer.cpp">
      <Filter>src</Filter>
    </ClCompile>
    <ClCompile Include="Camera.cpp">
      <Filter>src</Filter>
    </ClCompile>
    <ClCompile Include="Renderer.cpp">
      <Filter>src</Filter>
    </ClCompile>
    <ClCompile Include="Move.cpp">
      <Filter>src</Filter>
    </ClCompile>
    <ClCompile Include="Light.cpp">
      <Filter>src</Filter>
    </ClCompile>
    <ClCompile Include="WaterRenderer.cpp">
      <Filter>src</Filter>
    </ClCompile>
    <ClCompile Include="WaterShader.cpp">
      <Filter>src</Filter>
    </ClCompile>
    <ClCompile Include="WaterFrameBuffer.cpp">
      <Filter>src</Filter>
    </ClCompile>
    <ClCompile Include="FrameBuffers.cpp">
      <Filter>src</Filter>
    </ClCompile>
    <ClCompile Include="SkyboxShader.cpp">
      <Filter>src</Filter>
    </ClCompile>
    <ClCompile Include="SkyboxRenderer.cpp">
      <Filter>src</Filter>
    </ClCompile>
    <ClCompile Include="Quaternion.cpp">
      <Filter>src</Filter>
    </ClCompile>
    <ClCompile Include="StringFunctions.cpp">
      <Filter>src</Filter>
    </ClCompile>
    <ClCompile Include="DataStructures.cpp">
      <Filter>src</Filter>
    </ClCompile>
    <ClCompile Include="GrassShader.cpp">
      <Filter>src</Filter>
    </ClCompile>
    <ClCompile Include="GrassRenderer.cpp">
      <Filter>src</Filter>
    </ClCompile>
  </ItemGroup>
  <ItemGroup>
    <ClInclude Include="Window.h">
      <Filter>Header Files</Filter>
    </ClInclude>
    <ClInclude Include="Loader.h">
      <Filter>Header Files</Filter>
    </ClInclude>
    <ClInclude Include="GL.h">
      <Filter>Header Files</Filter>
    </ClInclude>
    <ClInclude Include="RawModel.h">
      <Filter>Header Files</Filter>
    </ClInclude>
    <ClInclude Include="Shader.h">
      <Filter>Header Files</Filter>
    </ClInclude>
    <ClInclude Include="StaticShader.h">
      <Filter>Header Files</Filter>
    </ClInclude>
    <ClInclude Include="vendor\stb_image.h">
      <Filter>Header Files</Filter>
    </ClInclude>
    <ClInclude Include="Texture.h">
      <Filter>Header Files</Filter>
    </ClInclude>
    <ClInclude Include="TexturedModel.h">
      <Filter>Header Files</Filter>
    </ClInclude>
    <ClInclude Include="Maths.h">
      <Filter>Header Files</Filter>
    </ClInclude>
    <ClInclude Include="Entity.h">
      <Filter>Header Files</Filter>
    </ClInclude>
    <ClInclude Include="OBJLoader.h">
      <Filter>Header Files</Filter>
    </ClInclude>
    <ClInclude Include="MasterRenderer.h">
      <Filter>Header Files</Filter>
    </ClInclude>
    <ClInclude Include="Scene.h">
      <Filter>Header Files</Filter>
    </ClInclude>
    <ClInclude Include="Terrain.h">
      <Filter>Header Files</Filter>
    </ClInclude>
    <ClInclude Include="EntityRenderer.h">
      <Filter>Header Files</Filter>
    </ClInclude>
    <ClInclude Include="TerrainShader.h">
      <Filter>Header Files</Filter>
    </ClInclude>
    <ClInclude Include="TerrainRenderer.h">
      <Filter>Header Files</Filter>
    </ClInclude>
    <ClInclude Include="TerrainTexturePack.h">
      <Filter>Header Files</Filter>
    </ClInclude>
    <ClInclude Include="GuiTexture.h">
      <Filter>Header Files</Filter>
    </ClInclude>
    <ClInclude Include="ModelTexture.h">
      <Filter>Header Files</Filter>
    </ClInclude>
    <ClInclude Include="GuiRenderer.h">
      <Filter>Header Files</Filter>
    </ClInclude>
    <ClInclude Include="GuiShader.h">
      <Filter>Header Files</Filter>
    </ClInclude>
    <ClInclude Include="VRSettings.h">
      <Filter>Header Files</Filter>
    </ClInclude>
    <ClInclude Include="VRDevice.h">
      <Filter>Header Files</Filter>
    </ClInclude>
    <ClInclude Include="CompanionWindow.h">
      <Filter>Header Files</Filter>
    </ClInclude>
    <ClInclude Include="VRRenderer.h">
      <Filter>Header Files</Filter>
    </ClInclude>
    <ClInclude Include="VRModelShader.h">
      <Filter>Header Files</Filter>
    </ClInclude>
    <ClInclude Include="CompanionWindowShader.h">
      <Filter>Header Files</Filter>
    </ClInclude>
    <ClInclude Include="PointCloudRenderer.h">
      <Filter>Header Files</Filter>
    </ClInclude>
    <ClInclude Include="PointCloudShader.h">
      <Filter>Header Files</Filter>
    </ClInclude>
    <ClInclude Include="XYZLoader.h">
      <Filter>Header Files</Filter>
    </ClInclude>
    <ClInclude Include="FontType.h">
      <Filter>Header Files</Filter>
    </ClInclude>
    <ClInclude Include="GUIText.h">
      <Filter>Header Files</Filter>
    </ClInclude>
    <ClInclude Include="TextMeshCreator.h">
      <Filter>Header Files</Filter>
    </ClInclude>
    <ClInclude Include="TextMeshData.h">
      <Filter>Header Files</Filter>
    </ClInclude>
    <ClInclude Include="VAO.h">
      <Filter>Header Files</Filter>
    </ClInclude>
    <ClInclude Include="VBO.h">
      <Filter>Header Files</Filter>
    </ClInclude>
    <ClInclude Include="VertexBufferLayout.h">
      <Filter>Header Files</Filter>
    </ClInclude>
    <ClInclude Include="vendor\imgui\imconfig.h">
      <Filter>src\Vendor\imgui</Filter>
    </ClInclude>
    <ClInclude Include="vendor\imgui\imgui.h">
      <Filter>src\Vendor\imgui</Filter>
    </ClInclude>
    <ClInclude Include="vendor\imgui\imgui_impl_glfw_gl3.h">
      <Filter>src\Vendor\imgui</Filter>
    </ClInclude>
    <ClInclude Include="vendor\imgui\imgui_internal.h">
      <Filter>src\Vendor\imgui</Filter>
    </ClInclude>
    <ClInclude Include="vendor\imgui\stb_rect_pack.h">
      <Filter>src\Vendor\imgui</Filter>
    </ClInclude>
    <ClInclude Include="vendor\imgui\stb_textedit.h">
      <Filter>src\Vendor\imgui</Filter>
    </ClInclude>
    <ClInclude Include="vendor\imgui\stb_truetype.h">
      <Filter>src\Vendor\imgui</Filter>
    </ClInclude>
    <ClInclude Include="vendor\imGuizmo\ImGuizmo.h">
      <Filter>src\Vendor\imguizmo</Filter>
    </ClInclude>
    <ClInclude Include="FrameBuffer.h">
      <Filter>Header Files</Filter>
    </ClInclude>
    <ClInclude Include="GameObject.h">
      <Filter>Header Files</Filter>
    </ClInclude>
    <ClInclude Include="Component.h">
      <Filter>Header Files</Filter>
    </ClInclude>
    <ClInclude Include="Transform.h">
      <Filter>Header Files</Filter>
    </ClInclude>
    <ClInclude Include="EditorUiRenderer.h">
      <Filter>Header Files</Filter>
    </ClInclude>
    <ClInclude Include="MeshRenderer.h">
      <Filter>Header Files</Filter>
    </ClInclude>
    <ClInclude Include="Camera.h">
      <Filter>Header Files</Filter>
    </ClInclude>
    <ClInclude Include="Renderer.h">
      <Filter>Header Files</Filter>
    </ClInclude>
    <ClInclude Include="Move.h">
      <Filter>Header Files</Filter>
    </ClInclude>
    <ClInclude Include="Light.h">
      <Filter>Header Files</Filter>
    </ClInclude>
    <ClInclude Include="WaterTile.h">
      <Filter>Header Files</Filter>
    </ClInclude>
    <ClInclude Include="WaterRenderer.h">
      <Filter>Header Files</Filter>
    </ClInclude>
    <ClInclude Include="WaterShader.h">
      <Filter>Header Files</Filter>
    </ClInclude>
    <ClInclude Include="WaterFrameBuffers.h">
      <Filter>Header Files</Filter>
    </ClInclude>
    <ClInclude Include="SkyboxShader.h">
      <Filter>Header Files</Filter>
    </ClInclude>
    <ClInclude Include="SkyboxRenderer.h">
      <Filter>Header Files</Filter>
    </ClInclude>
    <ClInclude Include="Quaternion.h">
      <Filter>Header Files</Filter>
    </ClInclude>
    <ClInclude Include="StringFunctions.h">
      <Filter>Header Files</Filter>
    </ClInclude>
    <ClInclude Include="DataStructures.h">
      <Filter>Header Files</Filter>
    </ClInclude>
    <ClInclude Include="GrassShader.h">
      <Filter>Header Files</Filter>
    </ClInclude>
    <ClInclude Include="GrassRenderer.h">
      <Filter>Header Files</Filter>
    </ClInclude>
  </ItemGroup>
  <ItemGroup>
    <None Include="res\shaders\Basic.shader">
      <Filter>res\shaders</Filter>
    </None>
    <None Include="res\shaders\Terrain.shader">
      <Filter>res\shaders</Filter>
    </None>
    <None Include="res\shaders\Gui.shader">
      <Filter>res\shaders</Filter>
    </None>
    <None Include="res\shaders\CompanionWindow.shader">
      <Filter>res\shaders</Filter>
    </None>
    <None Include="res\shaders\VRModel.shader">
      <Filter>res\shaders</Filter>
    </None>
    <None Include="res\shaders\PointCloud.shader">
      <Filter>res\shaders</Filter>
    </None>
    <None Include="res\shaders\AnimatedEntity.shader">
      <Filter>res\shaders</Filter>
    </None>
    <None Include="res\shaders\Water.shader">
      <Filter>res\shaders</Filter>
    </None>
    <None Include="res\shaders\Skybox.shader" />
    <None Include="res\shaders\Grass.shader" />
  </ItemGroup>
  <ItemGroup>
    <Image Include="res\textures\test.png">
      <Filter>res\textures</Filter>
    </Image>
  </ItemGroup>
</Project>