<?xml version="1.0" encoding="utf-8"?>
<Project ToolsVersion="4.0" xmlns="http://schemas.microsoft.com/developer/msbuild/2003">
  <ItemGroup>
    <Filter Include="Header Files">
      <UniqueIdentifier>{93995380-89BD-4b04-88EB-625FBE52EBFB}</UniqueIdentifier>
      <Extensions>h;hh;hpp;hxx;hm;inl;inc;xsd</Extensions>
    </Filter>
    <Filter Include="src">
      <UniqueIdentifier>{4FC737F1-C7A5-4376-A066-2A32D752A2FF}</UniqueIdentifier>
      <Extensions>cpp;c;cc;cxx;def;odl;idl;hpj;bat;asm;asmx</Extensions>
    </Filter>
    <Filter Include="res">
      <UniqueIdentifier>{10f93c0d-f3f8-4e80-9c89-d1ae757e183b}</UniqueIdentifier>
    </Filter>
    <Filter Include="res\shaders">
      <UniqueIdentifier>{f90e74ec-77d5-470a-84fc-e9a34a89a22e}</UniqueIdentifier>
    </Filter>
    <Filter Include="res\textures">
      <UniqueIdentifier>{971c30d0-d98c-49ff-b9ab-2a3c548d15bb}</UniqueIdentifier>
    </Filter>
    <Filter Include="src\Vendor">
      <UniqueIdentifier>{4312b3e7-4db4-409d-8ef1-3ea43eed5114}</UniqueIdentifier>
    </Filter>
    <Filter Include="src\Vendor\imgui">
      <UniqueIdentifier>{3e9cd887-ad38-451e-b7b3-31206b9192e1}</UniqueIdentifier>
    </Filter>
    <Filter Include="src\Vendor\imguizmo">
      <UniqueIdentifier>{2a89e06e-a100-49de-8d62-22e408289c85}</UniqueIdentifier>
    </Filter>
  </ItemGroup>
  <ItemGroup>
    <ClCompile Include="vendor\imgui\imgui.cpp">
      <Filter>src\Vendor\imgui</Filter>
    </ClCompile>
    <ClCompile Include="vendor\imgui\imgui_demo.cpp">
      <Filter>src\Vendor\imgui</Filter>
    </ClCompile>
    <ClCompile Include="vendor\imgui\imgui_draw.cpp">
      <Filter>src\Vendor\imgui</Filter>
    </ClCompile>
    <ClCompile Include="vendor\imgui\imgui_impl_glfw_gl3.cpp">
      <Filter>src\Vendor\imgui</Filter>
    </ClCompile>
    <ClCompile Include="vendor\imGuizmo\ImGuizmo.cpp">
      <Filter>src\Vendor\imguizmo</Filter>
    </ClCompile>
    <ClCompile Include="src\Camera.cpp">
      <Filter>src</Filter>
    </ClCompile>
    <ClCompile Include="src\CompanionWindow.cpp">
      <Filter>src</Filter>
    </ClCompile>
    <ClCompile Include="src\CompanionWindowShader.cpp">
      <Filter>src</Filter>
    </ClCompile>
    <ClCompile Include="src\Component.cpp">
      <Filter>src</Filter>
    </ClCompile>
    <ClCompile Include="src\DataStructures.cpp">
      <Filter>src</Filter>
    </ClCompile>
    <ClCompile Include="src\EditorUiRenderer.cpp">
      <Filter>src</Filter>
    </ClCompile>
    <ClCompile Include="src\Entity.cpp">
      <Filter>src</Filter>
    </ClCompile>
    <ClCompile Include="src\EntityRenderer.cpp">
      <Filter>src</Filter>
    </ClCompile>
    <ClCompile Include="src\FontType.cpp">
      <Filter>src</Filter>
    </ClCompile>
    <ClCompile Include="src\FrameBuffers.cpp">
      <Filter>src</Filter>
    </ClCompile>
    <ClCompile Include="src\GameObject.cpp">
      <Filter>src</Filter>
    </ClCompile>
    <ClCompile Include="src\GrassRenderer.cpp">
      <Filter>src</Filter>
    </ClCompile>
    <ClCompile Include="src\GrassShader.cpp">
      <Filter>src</Filter>
    </ClCompile>
    <ClCompile Include="src\GuiRenderer.cpp">
      <Filter>src</Filter>
    </ClCompile>
    <ClCompile Include="src\GuiShader.cpp">
      <Filter>src</Filter>
    </ClCompile>
    <ClCompile Include="src\GUIText.cpp">
      <Filter>src</Filter>
    </ClCompile>
    <ClCompile Include="src\GuiTexture.cpp">
      <Filter>src</Filter>
    </ClCompile>
    <ClCompile Include="src\Light.cpp">
      <Filter>src</Filter>
    </ClCompile>
    <ClCompile Include="src\Loader.cpp">
      <Filter>src</Filter>
    </ClCompile>
    <ClCompile Include="src\Main.cpp">
      <Filter>src</Filter>
    </ClCompile>
    <ClCompile Include="src\MasterRenderer.cpp">
      <Filter>src</Filter>
    </ClCompile>
    <ClCompile Include="src\Maths.cpp">
      <Filter>src</Filter>
    </ClCompile>
    <ClCompile Include="src\MeshRenderer.cpp">
      <Filter>src</Filter>
    </ClCompile>
    <ClCompile Include="src\ModelTexture.cpp">
      <Filter>src</Filter>
    </ClCompile>
    <ClCompile Include="src\Move.cpp">
      <Filter>src</Filter>
    </ClCompile>
    <ClCompile Include="src\OBJLoader.cpp">
      <Filter>src</Filter>
    </ClCompile>
    <ClCompile Include="src\PointCloudRenderer.cpp">
      <Filter>src</Filter>
    </ClCompile>
    <ClCompile Include="src\PointCloudShader.cpp">
      <Filter>src</Filter>
    </ClCompile>
    <ClCompile Include="src\Quaternion.cpp">
      <Filter>src</Filter>
    </ClCompile>
    <ClCompile Include="src\Renderer.cpp">
      <Filter>src</Filter>
    </ClCompile>
    <ClCompile Include="src\Scene.cpp">
      <Filter>src</Filter>
    </ClCompile>
    <ClCompile Include="src\Shader.cpp">
      <Filter>src</Filter>
    </ClCompile>
    <ClCompile Include="src\SkyboxRenderer.cpp">
      <Filter>src</Filter>
    </ClCompile>
    <ClCompile Include="src\SkyboxShader.cpp">
      <Filter>src</Filter>
    </ClCompile>
    <ClCompile Include="src\StaticShader.cpp">
      <Filter>src</Filter>
    </ClCompile>
    <ClCompile Include="src\StringFunctions.cpp">
      <Filter>src</Filter>
    </ClCompile>
    <ClCompile Include="src\Terrain.cpp">
      <Filter>src</Filter>
    </ClCompile>
    <ClCompile Include="src\TerrainRenderer.cpp">
      <Filter>src</Filter>
    </ClCompile>
    <ClCompile Include="src\TerrainShader.cpp">
      <Filter>src</Filter>
    </ClCompile>
    <ClCompile Include="src\TerrainTexturePack.cpp">
      <Filter>src</Filter>
    </ClCompile>
    <ClCompile Include="src\TextMeshCreator.cpp">
      <Filter>src</Filter>
    </ClCompile>
    <ClCompile Include="src\TextMeshData.cpp">
      <Filter>src</Filter>
    </ClCompile>
    <ClCompile Include="src\Texture.cpp">
      <Filter>src</Filter>
    </ClCompile>
    <ClCompile Include="src\TexturedModel.cpp">
      <Filter>src</Filter>
    </ClCompile>
    <ClCompile Include="src\Transform.cpp">
      <Filter>src</Filter>
    </ClCompile>
    <ClCompile Include="src\VAO.cpp">
      <Filter>src</Filter>
    </ClCompile>
    <ClCompile Include="src\VBO.cpp">
      <Filter>src</Filter>
    </ClCompile>
    <ClCompile Include="src\VRDevice.cpp">
      <Filter>src</Filter>
    </ClCompile>
    <ClCompile Include="src\VRModelShader.cpp">
      <Filter>src</Filter>
    </ClCompile>
    <ClCompile Include="src\VRRenderer.cpp">
      <Filter>src</Filter>
    </ClCompile>
    <ClCompile Include="src\VRSettings.cpp">
      <Filter>src</Filter>
    </ClCompile>
    <ClCompile Include="src\WaterFrameBuffer.cpp">
      <Filter>src</Filter>
    </ClCompile>
    <ClCompile Include="src\WaterRenderer.cpp">
      <Filter>src</Filter>
    </ClCompile>
    <ClCompile Include="src\WaterShader.cpp">
      <Filter>src</Filter>
    </ClCompile>
    <ClCompile Include="src\Window.cpp">
      <Filter>src</Filter>
    </ClCompile>
    <ClCompile Include="src\XYZLoader.cpp">
      <Filter>src</Filter>
    </ClCompile>
    <ClCompile Include="vendor\STBImage\stb_image.cpp">
      <Filter>src</Filter>
    </ClCompile>
  </ItemGroup>
  <ItemGroup>
    <ClInclude Include="vendor\imgui\imconfig.h">
      <Filter>src\Vendor\imgui</Filter>
    </ClInclude>
    <ClInclude Include="vendor\imgui\imgui.h">
      <Filter>src\Vendor\imgui</Filter>
    </ClInclude>
    <ClInclude Include="vendor\imgui\imgui_impl_glfw_gl3.h">
      <Filter>src\Vendor\imgui</Filter>
    </ClInclude>
    <ClInclude Include="vendor\imgui\imgui_internal.h">
      <Filter>src\Vendor\imgui</Filter>
    </ClInclude>
    <ClInclude Include="vendor\imgui\stb_rect_pack.h">
      <Filter>src\Vendor\imgui</Filter>
    </ClInclude>
    <ClInclude Include="vendor\imgui\stb_textedit.h">
      <Filter>src\Vendor\imgui</Filter>
    </ClInclude>
    <ClInclude Include="vendor\imgui\stb_truetype.h">
      <Filter>src\Vendor\imgui</Filter>
    </ClInclude>
    <ClInclude Include="vendor\imGuizmo\ImGuizmo.h">
      <Filter>src\Vendor\imguizmo</Filter>
    </ClInclude>
    <ClInclude Include="src\Camera.h">
      <Filter>Header Files</Filter>
    </ClInclude>
    <ClInclude Include="src\CompanionWindow.h">
      <Filter>Header Files</Filter>
    </ClInclude>
    <ClInclude Include="src\CompanionWindowShader.h">
      <Filter>Header Files</Filter>
    </ClInclude>
    <ClInclude Include="src\Component.h">
      <Filter>Header Files</Filter>
    </ClInclude>
    <ClInclude Include="src\DataStructures.h">
      <Filter>Header Files</Filter>
    </ClInclude>
    <ClInclude Include="src\EditorUiRenderer.h">
      <Filter>Header Files</Filter>
    </ClInclude>
    <ClInclude Include="src\Entity.h">
      <Filter>Header Files</Filter>
    </ClInclude>
    <ClInclude Include="src\EntityRenderer.h">
      <Filter>Header Files</Filter>
    </ClInclude>
    <ClInclude Include="src\FontType.h">
      <Filter>Header Files</Filter>
    </ClInclude>
    <ClInclude Include="src\FrameBuffer.h">
      <Filter>Header Files</Filter>
    </ClInclude>
    <ClInclude Include="src\GameObject.h">
      <Filter>Header Files</Filter>
    </ClInclude>
    <ClInclude Include="src\GL.h">
      <Filter>Header Files</Filter>
    </ClInclude>
    <ClInclude Include="src\GrassRenderer.h">
      <Filter>Header Files</Filter>
    </ClInclude>
    <ClInclude Include="src\GrassShader.h">
      <Filter>Header Files</Filter>
    </ClInclude>
    <ClInclude Include="src\GuiRenderer.h">
      <Filter>Header Files</Filter>
    </ClInclude>
    <ClInclude Include="src\GuiShader.h">
      <Filter>Header Files</Filter>
    </ClInclude>
    <ClInclude Include="src\GUIText.h">
      <Filter>Header Files</Filter>
    </ClInclude>
    <ClInclude Include="src\GuiTexture.h">
      <Filter>Header Files</Filter>
    </ClInclude>
    <ClInclude Include="src\Light.h">
      <Filter>Header Files</Filter>
    </ClInclude>
    <ClInclude Include="src\Loader.h">
      <Filter>Header Files</Filter>
    </ClInclude>
    <ClInclude Include="src\MasterRenderer.h">
      <Filter>Header Files</Filter>
    </ClInclude>
    <ClInclude Include="src\Maths.h">
      <Filter>Header Files</Filter>
    </ClInclude>
    <ClInclude Include="src\MeshRenderer.h">
      <Filter>Header Files</Filter>
    </ClInclude>
    <ClInclude Include="src\ModelTexture.h">
      <Filter>Header Files</Filter>
    </ClInclude>
    <ClInclude Include="src\Move.h">
      <Filter>Header Files</Filter>
    </ClInclude>
    <ClInclude Include="src\OBJLoader.h">
      <Filter>Header Files</Filter>
    </ClInclude>
    <ClInclude Include="src\PointCloudRenderer.h">
      <Filter>Header Files</Filter>
    </ClInclude>
    <ClInclude Include="src\PointCloudShader.h">
      <Filter>Header Files</Filter>
    </ClInclude>
    <ClInclude Include="src\Quaternion.h">
      <Filter>Header Files</Filter>
    </ClInclude>
    <ClInclude Include="src\RawModel.h">
      <Filter>Header Files</Filter>
    </ClInclude>
    <ClInclude Include="src\Renderer.h">
      <Filter>Header Files</Filter>
    </ClInclude>
    <ClInclude Include="src\Scene.h">
      <Filter>Header Files</Filter>
    </ClInclude>
    <ClInclude Include="src\Shader.h">
      <Filter>Header Files</Filter>
    </ClInclude>
    <ClInclude Include="src\SkyboxRenderer.h">
      <Filter>Header Files</Filter>
    </ClInclude>
    <ClInclude Include="src\SkyboxShader.h">
      <Filter>Header Files</Filter>
    </ClInclude>
    <ClInclude Include="src\StaticShader.h">
      <Filter>Header Files</Filter>
    </ClInclude>
    <ClInclude Include="src\StringFunctions.h">
      <Filter>Header Files</Filter>
    </ClInclude>
    <ClInclude Include="src\Terrain.h">
      <Filter>Header Files</Filter>
    </ClInclude>
    <ClInclude Include="src\TerrainRenderer.h">
      <Filter>Header Files</Filter>
    </ClInclude>
    <ClInclude Include="src\TerrainShader.h">
      <Filter>Header Files</Filter>
    </ClInclude>
    <ClInclude Include="src\TerrainTexturePack.h">
      <Filter>Header Files</Filter>
    </ClInclude>
    <ClInclude Include="src\TextMeshCreator.h">
      <Filter>Header Files</Filter>
    </ClInclude>
    <ClInclude Include="src\TextMeshData.h">
      <Filter>Header Files</Filter>
    </ClInclude>
    <ClInclude Include="src\Texture.h">
      <Filter>Header Files</Filter>
    </ClInclude>
    <ClInclude Include="src\TexturedModel.h">
      <Filter>Header Files</Filter>
    </ClInclude>
    <ClInclude Include="src\Transform.h">
      <Filter>Header Files</Filter>
    </ClInclude>
    <ClInclude Include="src\VAO.h">
      <Filter>Header Files</Filter>
    </ClInclude>
    <ClInclude Include="src\VBO.h">
      <Filter>Header Files</Filter>
    </ClInclude>
    <ClInclude Include="src\VertexBufferLayout.h">
      <Filter>Header Files</Filter>
    </ClInclude>
    <ClInclude Include="src\VRDevice.h">
      <Filter>Header Files</Filter>
    </ClInclude>
    <ClInclude Include="src\VRModelShader.h">
      <Filter>Header Files</Filter>
    </ClInclude>
    <ClInclude Include="src\VRRenderer.h">
      <Filter>Header Files</Filter>
    </ClInclude>
    <ClInclude Include="src\VRSettings.h">
      <Filter>Header Files</Filter>
    </ClInclude>
    <ClInclude Include="src\WaterFrameBuffers.h">
      <Filter>Header Files</Filter>
    </ClInclude>
    <ClInclude Include="src\WaterRenderer.h">
      <Filter>Header Files</Filter>
    </ClInclude>
    <ClInclude Include="src\WaterShader.h">
      <Filter>Header Files</Filter>
    </ClInclude>
    <ClInclude Include="src\WaterTile.h">
      <Filter>Header Files</Filter>
    </ClInclude>
    <ClInclude Include="src\Window.h">
      <Filter>Header Files</Filter>
    </ClInclude>
    <ClInclude Include="src\XYZLoader.h">
      <Filter>Header Files</Filter>
    </ClInclude>
    <ClInclude Include="vendor\STBImage\stb_image.h">
      <Filter>Header Files</Filter>
    </ClInclude>
  </ItemGroup>
  <ItemGroup>
    <None Include="res\shaders\Basic.shader">
      <Filter>res\shaders</Filter>
    </None>
    <None Include="res\shaders\Terrain.shader">
      <Filter>res\shaders</Filter>
    </None>
    <None Include="res\shaders\Gui.shader">
      <Filter>res\shaders</Filter>
    </None>
    <None Include="res\shaders\CompanionWindow.shader">
      <Filter>res\shaders</Filter>
    </None>
    <None Include="res\shaders\VRModel.shader">
      <Filter>res\shaders</Filter>
    </None>
    <None Include="res\shaders\PointCloud.shader">
      <Filter>res\shaders</Filter>
    </None>
    <None Include="res\shaders\AnimatedEntity.shader">
      <Filter>res\shaders</Filter>
    </None>
    <None Include="res\shaders\Water.shader">
      <Filter>res\shaders</Filter>
    </None>
    <None Include="res\shaders\Skybox.shader" />
    <None Include="res\shaders\Grass.shader" />
    <None Include="src\imgui.ini" />
    <None Include="res\animations\model.dae" />
    <None Include="res\fonts\arial.fnt" />
    <None Include="res\fonts\calibri.fnt" />
    <None Include="res\fonts\harrington.fnt" />
    <None Include="res\fonts\sans.fnt" />
    <None Include="res\fonts\segoe.fnt" />
    <None Include="res\fonts\segoeUI.fnt" />
    <None Include="res\fonts\tahoma.fnt" />
  </ItemGroup>
  <ItemGroup>
    <Image Include="res\textures\test.png">
      <Filter>res\textures</Filter>
    </Image>
    <Image Include="res\fonts\arial.png" />
    <Image Include="res\fonts\calibri.png" />
    <Image Include="res\fonts\harrington.png" />
    <Image Include="res\fonts\sans.png" />
    <Image Include="res\fonts\segoe.png" />
    <Image Include="res\fonts\segoeUI.png" />
    <Image Include="res\fonts\tahoma.png" />
    <Image Include="res\textures\black.png" />
    <Image Include="res\textures\blendMap.png" />
    <Image Include="res\textures\character.png" />
    <Image Include="res\textures\cube.png" />
    <Image Include="res\textures\diffuse.png" />
    <Image Include="res\textures\dirt.png" />
    <Image Include="res\textures\fern.png" />
    <Image Include="res\textures\grass.png" />
    <Image Include="res\textures\grassTexture.png" />
    <Image Include="res\textures\grassy.png" />
    <Image Include="res\textures\grey.png" />
    <Image Include="res\textures\heightmap perlin.jpg" />
    <Image Include="res\textures\heightMap.png" />
    <Image Include="res\textures\heightmap2.png" />
    <Image Include="res\textures\huis.png" />
    <Image Include="res\textures\mud.png" />
    <Image Include="res\textures\newBlend.png" />
    <Image Include="res\textures\normalMap.png" />
    <Image Include="res\textures\path.png" />
    <Image Include="res\textures\pdTexture.png" />
    <Image Include="res\textures\pinkFlowers.png" />
    <Image Include="res\textures\red.png" />
    <Image Include="res\textures\socuwan.png" />
    <Image Include="res\textures\stallTexture.png" />
    <Image Include="res\textures\tree.png" />
    <Image Include="res\textures\waterDUDV.png" />
    <Image Include="res\textures\white.png" />
    <Image Include="res\textures\skybox\back.png" />
    <Image Include="res\textures\skybox\bottom.png" />
    <Image Include="res\textures\skybox\front.png" />
    <Image Include="res\textures\skybox\left.png" />
    <Image Include="res\textures\skybox\right.png" />
    <Image Include="res\textures\skybox\top.png" />
  </ItemGroup>
</Project>